Microsoft Visual Studio Solution File, Format Version 11.00
# Visual Studio 2008

Project("{437B54CA-25AB-DA1E-3603-6E9D411443F2}") = "MTGView", "Assembly-CSharp-firstpass.csproj", "{49642600-B7F6-9C65-CEA0-FFEFEFA7C310}"
EndProject
Project("{437B54CA-25AB-DA1E-3603-6E9D411443F2}") = "MTGView", "Assembly-CSharp.csproj", "{FC0257B8-43F2-8DBC-1C96-6CEE7F2973BE}"
EndProject
Global
	GlobalSection(SolutionConfigurationPlatforms) = preSolution
		Debug|Any CPU = Debug|Any CPU
		Release|Any CPU = Release|Any CPU
	EndGlobalSection
	GlobalSection(ProjectConfigurationPlatforms) = postSolution
		{49642600-B7F6-9C65-CEA0-FFEFEFA7C310}.Debug|Any CPU.ActiveCfg = Debug|Any CPU
		{49642600-B7F6-9C65-CEA0-FFEFEFA7C310}.Debug|Any CPU.Build.0 = Debug|Any CPU
		{49642600-B7F6-9C65-CEA0-FFEFEFA7C310}.Release|Any CPU.ActiveCfg = Release|Any CPU
		{49642600-B7F6-9C65-CEA0-FFEFEFA7C310}.Release|Any CPU.Build.0 = Release|Any CPU
		{FC0257B8-43F2-8DBC-1C96-6CEE7F2973BE}.Debug|Any CPU.ActiveCfg = Debug|Any CPU
		{FC0257B8-43F2-8DBC-1C96-6CEE7F2973BE}.Debug|Any CPU.Build.0 = Debug|Any CPU
		{FC0257B8-43F2-8DBC-1C96-6CEE7F2973BE}.Release|Any CPU.ActiveCfg = Release|Any CPU
		{FC0257B8-43F2-8DBC-1C96-6CEE7F2973BE}.Release|Any CPU.Build.0 = Release|Any CPU
	EndGlobalSection
	GlobalSection(SolutionProperties) = preSolution
		HideSolutionNode = FALSE
	EndGlobalSection
	GlobalSection(MonoDevelopProperties) = preSolution
		StartupItem = Assembly-CSharp.csproj
	EndGlobalSection
EndGlobal
